
Microsoft Visual Studio Solution File, Format Version 12.00
# Visual Studio Version 17
VisualStudioVersion = 17.4.33110.190
MinimumVisualStudioVersion = 10.0.40219.1
Project("{FAE04EC0-301F-11D3-BF4B-00C04F79EFBC}") = "webapiXPO", "webapiXPO\webapiXPO.csproj", "{4B66F07F-DE1C-4198-96BC-EB731DF04275}"
EndProject
Global
	GlobalSection(SolutionConfigurationPlatforms) = preSolution
		Debug|Any CPU = Debug|Any CPU
		Release|Any CPU = Release|Any CPU
	EndGlobalSection
	GlobalSection(ProjectConfigurationPlatforms) = postSolution
		{4B66F07F-DE1C-4198-96BC-EB731DF04275}.Debug|Any CPU.ActiveCfg = Debug|Any CPU
		{4B66F07F-DE1C-4198-96BC-EB731DF04275}.Debug|Any CPU.Build.0 = Debug|Any CPU
		{4B66F07F-DE1C-4198-96BC-EB731DF04275}.Release|Any CPU.ActiveCfg = Release|Any CPU
		{4B66F07F-DE1C-4198-96BC-EB731DF04275}.Release|Any CPU.Build.0 = Release|Any CPU
	EndGlobalSection
	GlobalSection(SolutionProperties) = preSolution
		HideSolutionNode = FALSE
	EndGlobalSection
	GlobalSection(ExtensibilityGlobals) = postSolution
		SolutionGuid = {BEA3C48E-658B-4037-B699-C19D8451A8ED}
	EndGlobalSection
EndGlobal
